#1.
Using System.ComponentModel.DataAnnoations;
namespace TasksListAPi.Models;
Public class TaskItem{
[key]
public int ID {get; ste;}
[Required]
[MaxLwngth(100)]
Public Strinfg title {get; set;} =string.Empty;
Public bool IsComplete {get; set;}= false;
Public DateTime CreatedAT{get; set;}
}
#2.
Using System.ComponentModel.DataAnnoations
namespace TasksListAPi.Models;
public clas CreateTaskRequest{
[Required(ErrorMessage = "Title is required.")]
[MaxLength(100, ErrowrMessage = "Title cannot be longer than 100 characters.")]
public String Title {get; set;} =string.EMpty ;
}
public Class UpdateTaskRequest {
[Required(ErrorMessage = "Title is required.")]
[MaxLength(100, ErrowrMessage = "Title cannot be longer than 100 characters.")]
public String Title {get; set;} =string.EMpty ;}


